schema: '2.0'
stages:
  data_ingestion:
    cmd: python src/data_ingestion.py
    deps:
    - path: src/data_ingestion.py
      hash: md5
      md5: d5a9b203ec4424d819e8c08b54dc7eca
      size: 3106
    params:
      params.yaml:
        data_ingestion.test_size: 0.33
    outs:
    - path: data/raw
      hash: md5
      md5: 50c613513f1de8d458d8b1b91c572f32.dir
      size: 835222
      nfiles: 2
  data_preprocessing:
    cmd: python src/data_preprocessing.py
    deps:
    - path: data/raw
      hash: md5
      md5: 50c613513f1de8d458d8b1b91c572f32.dir
      size: 835222
      nfiles: 2
    - path: src/data_preprocessing.py
      hash: md5
      md5: d54ceff4dcbecbfd680c5967fe656840
      size: 3963
    outs:
    - path: data/interdim
      hash: md5
      md5: 1c11f9647ca929cfb205df7e09dd9a82.dir
      size: 2414832
      nfiles: 2
  model_training:
    cmd: python src/model_training.py
    deps:
    - path: data/interdim
      hash: md5
      md5: 1c11f9647ca929cfb205df7e09dd9a82.dir
      size: 2414832
      nfiles: 2
    - path: src/model_training.py
      hash: md5
      md5: 3d2b6d7ed33a6ab5ac35d1d23c55298e
      size: 3804
    params:
      params.yaml:
        model_training.n_estimators: 25
        model_training.random_state: 2
    outs:
    - path: model/model.pkl
      hash: md5
      md5: 51a11a47321fb555183ae9e5ed05df2c
      size: 269884
  model_evaluation:
    cmd: python src/model_evaluation.py
    deps:
    - path: data/interdim
      hash: md5
      md5: 1c11f9647ca929cfb205df7e09dd9a82.dir
      size: 2414832
      nfiles: 2
    - path: model/model.pkl
      hash: md5
      md5: 51a11a47321fb555183ae9e5ed05df2c
      size: 269884
    - path: src/model_evaluation.py
      hash: md5
      md5: 74d987cffc33ee50190d61557a017c8c
      size: 4471
    outs:
    - path: reports/metrics.json
      hash: md5
      md5: 14973a448d3417548ecae2865e00c733
      size: 180
