schema: '2.0'
stages:
  data_ingestion:
    cmd: python src/data_ingestion.py
    deps:
    - path: src/data_ingestion.py
      hash: md5
      md5: d5a9b203ec4424d819e8c08b54dc7eca
      size: 3106
    params:
      params.yaml:
        data_ingestion.test_size: 0.3
    outs:
    - path: data/raw
      hash: md5
      md5: 9d8c4f0587808004ea4807f49a00cf7f.dir
      size: 835222
      nfiles: 2
  data_preprocessing:
    cmd: python src/data_preprocessing.py
    deps:
    - path: data/raw
      hash: md5
      md5: 9d8c4f0587808004ea4807f49a00cf7f.dir
      size: 835222
      nfiles: 2
    - path: src/data_preprocessing.py
      hash: md5
      md5: d54ceff4dcbecbfd680c5967fe656840
      size: 3963
    outs:
    - path: data/interdim
      hash: md5
      md5: 67d8657228fbb977698672f02aaeae3f.dir
      size: 2411443
      nfiles: 2
  model_training:
    cmd: python src/model_training.py
    deps:
    - path: data/interdim
      hash: md5
      md5: 67d8657228fbb977698672f02aaeae3f.dir
      size: 2411443
      nfiles: 2
    - path: src/model_training.py
      hash: md5
      md5: 3d2b6d7ed33a6ab5ac35d1d23c55298e
      size: 3804
    params:
      params.yaml:
        model_training.n_estimators: 29
        model_training.random_state: 2
    outs:
    - path: model/model.pkl
      hash: md5
      md5: f41998da0e007deba2abe10015860d35
      size: 362152
  model_evaluation:
    cmd: python src/model_evaluation.py
    deps:
    - path: data/interdim
      hash: md5
      md5: 67d8657228fbb977698672f02aaeae3f.dir
      size: 2411443
      nfiles: 2
    - path: model/model.pkl
      hash: md5
      md5: f41998da0e007deba2abe10015860d35
      size: 362152
    - path: src/model_evaluation.py
      hash: md5
      md5: 16543d509d402da4b172711ce6cb3674
      size: 3726
    outs:
    - path: reports/metrics.json
      hash: md5
      md5: e4311cf38542b8a688238e61effb494f
      size: 180
